PODS:
  - Alamofire (4.7.2)
  - LazyOnes (0.1.1):
    - Alamofire

DEPENDENCIES:
  - LazyOnes (from `../`)

SPEC REPOS:
  https://github.com/cocoapods/specs.git:
    - Alamofire

EXTERNAL SOURCES:
  LazyOnes:
    :path: "../"

SPEC CHECKSUMS:
  Alamofire: e4fa87002c137ba2d8d634d2c51fabcda0d5c223
  LazyOnes: 0e9165dda9bbd4c2f5b36c3db76a9b96cbf58079

PODFILE CHECKSUM: a944e091ba2276bf7a3c6f6b77e9160c81efafc8

COCOAPODS: 1.5.2
